
Microsoft Visual Studio Solution File, Format Version 12.00
# Visual Studio Version 17
VisualStudioVersion = 17.8.34511.84
MinimumVisualStudioVersion = 10.0.40219.1
Project("{9A19103F-16F7-4668-BE54-9A1E7A4F7556}") = "PriceCheck.Server", "PriceCheck.Server\PriceCheck.Server.csproj", "{638C321F-05A9-4330-8779-5EAEFB407E6E}"
	ProjectSection(ProjectDependencies) = postProject
		{1556E702-3632-4334-86B0-391721E51766} = {1556E702-3632-4334-86B0-391721E51766}
		{192D8857-9E9D-4412-B9B9-2BE97C0C477F} = {192D8857-9E9D-4412-B9B9-2BE97C0C477F}
	EndProjectSection
EndProject
Project("{54A90642-561A-4BB1-A94E-469ADEE60C69}") = "pricecheck.client", "pricecheck.client\pricecheck.client.esproj", "{FBAF8586-C1E4-49D5-96C6-4CFA36A30C02}"
EndProject
Project("{9A19103F-16F7-4668-BE54-9A1E7A4F7556}") = "PriceCheck.Data", "PriceCheck.Data\PriceCheck.Data.csproj", "{192D8857-9E9D-4412-B9B9-2BE97C0C477F}"
EndProject
Project("{9A19103F-16F7-4668-BE54-9A1E7A4F7556}") = "PriceCheck.BusinessLogic", "PriceCheck.BusinessLogic\PriceCheck.BusinessLogic.csproj", "{1556E702-3632-4334-86B0-391721E51766}"
EndProject
Global
	GlobalSection(SolutionConfigurationPlatforms) = preSolution
		Debug|Any CPU = Debug|Any CPU
		Release|Any CPU = Release|Any CPU
	EndGlobalSection
	GlobalSection(ProjectConfigurationPlatforms) = postSolution
		{638C321F-05A9-4330-8779-5EAEFB407E6E}.Debug|Any CPU.ActiveCfg = Debug|Any CPU
		{638C321F-05A9-4330-8779-5EAEFB407E6E}.Debug|Any CPU.Build.0 = Debug|Any CPU
		{638C321F-05A9-4330-8779-5EAEFB407E6E}.Release|Any CPU.ActiveCfg = Release|Any CPU
		{638C321F-05A9-4330-8779-5EAEFB407E6E}.Release|Any CPU.Build.0 = Release|Any CPU
		{FBAF8586-C1E4-49D5-96C6-4CFA36A30C02}.Debug|Any CPU.ActiveCfg = Debug|Any CPU
		{FBAF8586-C1E4-49D5-96C6-4CFA36A30C02}.Debug|Any CPU.Build.0 = Debug|Any CPU
		{FBAF8586-C1E4-49D5-96C6-4CFA36A30C02}.Debug|Any CPU.Deploy.0 = Debug|Any CPU
		{FBAF8586-C1E4-49D5-96C6-4CFA36A30C02}.Release|Any CPU.ActiveCfg = Release|Any CPU
		{FBAF8586-C1E4-49D5-96C6-4CFA36A30C02}.Release|Any CPU.Build.0 = Release|Any CPU
		{FBAF8586-C1E4-49D5-96C6-4CFA36A30C02}.Release|Any CPU.Deploy.0 = Release|Any CPU
		{192D8857-9E9D-4412-B9B9-2BE97C0C477F}.Debug|Any CPU.ActiveCfg = Debug|Any CPU
		{192D8857-9E9D-4412-B9B9-2BE97C0C477F}.Debug|Any CPU.Build.0 = Debug|Any CPU
		{192D8857-9E9D-4412-B9B9-2BE97C0C477F}.Release|Any CPU.ActiveCfg = Release|Any CPU
		{192D8857-9E9D-4412-B9B9-2BE97C0C477F}.Release|Any CPU.Build.0 = Release|Any CPU
		{1556E702-3632-4334-86B0-391721E51766}.Debug|Any CPU.ActiveCfg = Debug|Any CPU
		{1556E702-3632-4334-86B0-391721E51766}.Debug|Any CPU.Build.0 = Debug|Any CPU
		{1556E702-3632-4334-86B0-391721E51766}.Release|Any CPU.ActiveCfg = Release|Any CPU
		{1556E702-3632-4334-86B0-391721E51766}.Release|Any CPU.Build.0 = Release|Any CPU
	EndGlobalSection
	GlobalSection(SolutionProperties) = preSolution
		HideSolutionNode = FALSE
	EndGlobalSection
	GlobalSection(ExtensibilityGlobals) = postSolution
		SolutionGuid = {01DAAD6A-9920-43D9-8BB1-FF249445AC72}
	EndGlobalSection
EndGlobal
